
Microsoft Visual Studio Solution File, Format Version 12.00
# Visual Studio Version 17
VisualStudioVersion = 17.0.31903.59
MinimumVisualStudioVersion = 10.0.40219.1
Project("{FAE04EC0-301F-11D3-BF4B-00C04F79EFBC}") = "MyCalculator", "MyCalculator\MyCalculator.csproj", "{2D42BAB5-D742-404D-B8AE-6C9015AC3C63}"
EndProject
Project("{FAE04EC0-301F-11D3-BF4B-00C04F79EFBC}") = "MyCalculator.Tests", "MyCalculator.Tests\MyCalculator.Tests.csproj", "{F8EA90E4-44C9-4A74-96B1-43E526C884C8}"
EndProject
Project("{FAE04EC0-301F-11D3-BF4B-00C04F79EFBC}") = "VsPlay", "VsPlay\VsPlay.csproj", "{ABC583D8-AACA-4547-BBC4-E839B63D4A3C}"
EndProject
Project("{FAE04EC0-301F-11D3-BF4B-00C04F79EFBC}") = "VsPlay.Tests", "VsPlay.Tests\VsPlay.Tests.csproj", "{E22C3F72-666E-4DBD-AAD1-0F5A920E1830}"
EndProject
Project("{FAE04EC0-301F-11D3-BF4B-00C04F79EFBC}") = "Inject", "Inject\Inject.csproj", "{1C24CE66-B784-4849-AFEC-2CFE996DFB37}"
EndProject
Project("{FAE04EC0-301F-11D3-BF4B-00C04F79EFBC}") = "Inject.Tests", "Inject.Tests\Inject.Tests.csproj", "{D7C9A2C7-3A70-4606-B356-29F359344F8D}"
EndProject
Global
	GlobalSection(SolutionConfigurationPlatforms) = preSolution
		Debug|Any CPU = Debug|Any CPU
		Release|Any CPU = Release|Any CPU
	EndGlobalSection
	GlobalSection(SolutionProperties) = preSolution
		HideSolutionNode = FALSE
	EndGlobalSection
	GlobalSection(ProjectConfigurationPlatforms) = postSolution
		{2D42BAB5-D742-404D-B8AE-6C9015AC3C63}.Debug|Any CPU.ActiveCfg = Debug|Any CPU
		{2D42BAB5-D742-404D-B8AE-6C9015AC3C63}.Debug|Any CPU.Build.0 = Debug|Any CPU
		{2D42BAB5-D742-404D-B8AE-6C9015AC3C63}.Release|Any CPU.ActiveCfg = Release|Any CPU
		{2D42BAB5-D742-404D-B8AE-6C9015AC3C63}.Release|Any CPU.Build.0 = Release|Any CPU
		{F8EA90E4-44C9-4A74-96B1-43E526C884C8}.Debug|Any CPU.ActiveCfg = Debug|Any CPU
		{F8EA90E4-44C9-4A74-96B1-43E526C884C8}.Debug|Any CPU.Build.0 = Debug|Any CPU
		{F8EA90E4-44C9-4A74-96B1-43E526C884C8}.Release|Any CPU.ActiveCfg = Release|Any CPU
		{F8EA90E4-44C9-4A74-96B1-43E526C884C8}.Release|Any CPU.Build.0 = Release|Any CPU
		{ABC583D8-AACA-4547-BBC4-E839B63D4A3C}.Debug|Any CPU.ActiveCfg = Debug|Any CPU
		{ABC583D8-AACA-4547-BBC4-E839B63D4A3C}.Debug|Any CPU.Build.0 = Debug|Any CPU
		{ABC583D8-AACA-4547-BBC4-E839B63D4A3C}.Release|Any CPU.ActiveCfg = Release|Any CPU
		{ABC583D8-AACA-4547-BBC4-E839B63D4A3C}.Release|Any CPU.Build.0 = Release|Any CPU
		{E22C3F72-666E-4DBD-AAD1-0F5A920E1830}.Debug|Any CPU.ActiveCfg = Debug|Any CPU
		{E22C3F72-666E-4DBD-AAD1-0F5A920E1830}.Debug|Any CPU.Build.0 = Debug|Any CPU
		{E22C3F72-666E-4DBD-AAD1-0F5A920E1830}.Release|Any CPU.ActiveCfg = Release|Any CPU
		{E22C3F72-666E-4DBD-AAD1-0F5A920E1830}.Release|Any CPU.Build.0 = Release|Any CPU
		{1C24CE66-B784-4849-AFEC-2CFE996DFB37}.Debug|Any CPU.ActiveCfg = Debug|Any CPU
		{1C24CE66-B784-4849-AFEC-2CFE996DFB37}.Debug|Any CPU.Build.0 = Debug|Any CPU
		{1C24CE66-B784-4849-AFEC-2CFE996DFB37}.Release|Any CPU.ActiveCfg = Release|Any CPU
		{1C24CE66-B784-4849-AFEC-2CFE996DFB37}.Release|Any CPU.Build.0 = Release|Any CPU
		{D7C9A2C7-3A70-4606-B356-29F359344F8D}.Debug|Any CPU.ActiveCfg = Debug|Any CPU
		{D7C9A2C7-3A70-4606-B356-29F359344F8D}.Debug|Any CPU.Build.0 = Debug|Any CPU
		{D7C9A2C7-3A70-4606-B356-29F359344F8D}.Release|Any CPU.ActiveCfg = Release|Any CPU
		{D7C9A2C7-3A70-4606-B356-29F359344F8D}.Release|Any CPU.Build.0 = Release|Any CPU
	EndGlobalSection
EndGlobal
